Microsoft Visual Studio Solution File, Format Version 12.00
# Visual Studio Version 17
VisualStudioVersion = 17.5.2.0
MinimumVisualStudioVersion = 10.0.40219.1
Project("{2150E333-8FDC-42A3-9474-1A3956D46DE8}") = "src", "src", "{827E0CD3-B72D-47B6-A68D-7590B98EB39B}"
EndProject
Project("{FAE04EC0-301F-11D3-BF4B-00C04F79EFBC}") = "Xo.Core.Entity", "src\Xo.Core.Entity\Xo.Core.Entity.csproj", "{F5C634A3-C55B-1549-E301-81E38BA3C2BB}"
EndProject
Global
	GlobalSection(SolutionConfigurationPlatforms) = preSolution
		Debug|Any CPU = Debug|Any CPU
		Release|Any CPU = Release|Any CPU
	EndGlobalSection
	GlobalSection(ProjectConfigurationPlatforms) = postSolution
		{F5C634A3-C55B-1549-E301-81E38BA3C2BB}.Debug|Any CPU.ActiveCfg = Debug|Any CPU
		{F5C634A3-C55B-1549-E301-81E38BA3C2BB}.Debug|Any CPU.Build.0 = Debug|Any CPU
		{F5C634A3-C55B-1549-E301-81E38BA3C2BB}.Release|Any CPU.ActiveCfg = Release|Any CPU
		{F5C634A3-C55B-1549-E301-81E38BA3C2BB}.Release|Any CPU.Build.0 = Release|Any CPU
	EndGlobalSection
	GlobalSection(SolutionProperties) = preSolution
		HideSolutionNode = FALSE
	EndGlobalSection
	GlobalSection(NestedProjects) = preSolution
		{F5C634A3-C55B-1549-E301-81E38BA3C2BB} = {827E0CD3-B72D-47B6-A68D-7590B98EB39B}
	EndGlobalSection
	GlobalSection(ExtensibilityGlobals) = postSolution
		SolutionGuid = {5276F512-48F7-43C9-A3A3-995E519E7FF8}
	EndGlobalSection
EndGlobal
